{
  "lockfileVersion": 3,
  "name": "good-branch-manager",
  "packages": {
    "": {
      "devDependencies": {
        "@types/node": "^20.0.0",
        "@types/vscode": "1.107.0",
        "typescript": "^5.6.0"
      },
      "engines": {
        "vscode": "^1.107.0"
      },
      "license": "MIT",
      "name": "good-branch-manager",
      "version": "0.1.15"
    },
    "node_modules/@types/node": {
      "dependencies": {
        "undici-types": "~6.21.0"
      },
      "dev": true,
      "license": "MIT",
      "version": "20.19.43"
    },
    "node_modules/@types/vscode": {
      "dev": true,
      "license": "MIT",
      "version": "1.107.0"
    },
    "node_modules/typescript": {
      "bin": {
        "tsc": "bin/tsc",
        "tsserver": "bin/tsserver"
      },
      "dev": true,
      "engines": {
        "node": ">=14.17"
      },
      "license": "Apache-2.0",
      "version": "5.9.3"
    },
    "node_modules/undici-types": {
      "dev": true,
      "license": "MIT",
      "version": "6.21.0"
    }
  },
  "requires": true,
  "version": "0.1.15"
}
