{
  "lockfileVersion": 3,
  "name": "git-branch-pr",
  "packages": {
    "": {
      "devDependencies": {
        "@types/node": "^20.0.0",
        "@types/vscode": "1.107.0",
        "typescript": "^5.6.0"
      },
      "engines": {
        "vscode": "^1.107.0"
      },
      "license": "MIT",
      "name": "git-branch-pr",
      "version": "0.1.9"
    },
    "node_modules/@types/node": {
      "dependencies": {
        "undici-types": "~6.21.0"
      },
      "dev": true,
      "integrity": "sha512-6oYBAi5ikg4Pl+kGsoYtawUMBT2zZMCvPNF7pVLnHZfd1zf38DRiWn/gT01RYCdUqkv7Fhr+C9ot4/tb+2sVvA==",
      "license": "MIT",
      "resolved": "https://registry.npmjs.org/@types/node/-/node-20.19.43.tgz",
      "version": "20.19.43"
    },
    "node_modules/@types/vscode": {
      "dev": true,
      "integrity": "sha512-XS8YE1jlyTIowP64+HoN30OlC1H9xqSlq1eoLZUgFEC8oUTO6euYZxti1xRiLSfZocs4qytTzR6xCBYtioQTCg==",
      "license": "MIT",
      "resolved": "https://registry.npmjs.org/@types/vscode/-/vscode-1.107.0.tgz",
      "version": "1.107.0"
    },
    "node_modules/typescript": {
      "bin": {
        "tsc": "bin/tsc",
        "tsserver": "bin/tsserver"
      },
      "dev": true,
      "engines": {
        "node": ">=14.17"
      },
      "integrity": "sha512-jl1vZzPDinLr9eUt3J/t7V6FgNEw9QjvBPdysz9KfQDD41fQrC2Y4vKQdiaUpFT4bXlb1RHhLpp8wtm6M5TgSw==",
      "license": "Apache-2.0",
      "resolved": "https://registry.npmjs.org/typescript/-/typescript-5.9.3.tgz",
      "version": "5.9.3"
    },
    "node_modules/undici-types": {
      "dev": true,
      "integrity": "sha512-iwDZqg0QAGrg9Rav5H4n0M64c3mkR59cJ6wQp+7C4nI0gsmExaedaYLNO44eT4AtBBwjbTiGPMlt2Md0T9H9JQ==",
      "license": "MIT",
      "resolved": "https://registry.npmjs.org/undici-types/-/undici-types-6.21.0.tgz",
      "version": "6.21.0"
    }
  },
  "requires": true,
  "version": "0.1.9"
}
